
Microsoft Visual Studio Solution File, Format Version 12.00
# Visual Studio 2013
VisualStudioVersion = 12.0.31101.0
MinimumVisualStudioVersion = 10.0.40219.1
Project("{FAE04EC0-301F-11D3-BF4B-00C04F79EFBC}") = "Product_38416(ASP.NET Application)", "ASP.NET\Product_38416(ASP.NET Application).csproj", "{81262FE4-3A45-4068-BE2B-5882A6098EDE}"
EndProject
Project("{FAE04EC0-301F-11D3-BF4B-00C04F79EFBC}") = "Product_38416(Objects)", "Objects\Product_38416(Objects).csproj", "{504EF025-75A3-4402-B493-EF59365B70A7}"
EndProject
Global
	GlobalSection(SolutionConfigurationPlatforms) = preSolution
Debug|Any CPU = Debug|Any CPU
Release|Any CPU = Release|Any CPU
	EndGlobalSection
	GlobalSection(ProjectConfigurationPlatforms) = postSolution
		{81262FE4-3A45-4068-BE2B-5882A6098EDE}.Debug|Any CPU.ActiveCfg = Debug|Any CPU
		{81262FE4-3A45-4068-BE2B-5882A6098EDE}.Debug|Any CPU.Build.0 = Debug|Any CPU
		{81262FE4-3A45-4068-BE2B-5882A6098EDE}.Release|Any CPU.ActiveCfg = Release|Any CPU
		{81262FE4-3A45-4068-BE2B-5882A6098EDE}.Release|Any CPU.Build.0 = Release|Any CPU
		{504EF025-75A3-4402-B493-EF59365B70A7}.Debug|Any CPU.ActiveCfg = Debug|Any CPU
		{504EF025-75A3-4402-B493-EF59365B70A7}.Debug|Any CPU.Build.0 = Debug|Any CPU
		{504EF025-75A3-4402-B493-EF59365B70A7}.Release|Any CPU.ActiveCfg = Release|Any CPU
		{504EF025-75A3-4402-B493-EF59365B70A7}.Release|Any CPU.Build.0 = Release|Any CPU
	EndGlobalSection
	GlobalSection(SolutionProperties) = preSolution
		HideSolutionNode = FALSE
	EndGlobalSection
EndGlobal
